
Microsoft Visual Studio Solution File, Format Version 12.00
# Visual Studio Version 17
VisualStudioVersion = 17.13.35828.75 d17.13
MinimumVisualStudioVersion = 10.0.40219.1
Project("{FAE04EC0-301F-11D3-BF4B-00C04F79EFBC}") = "WebNexus-UwUKitten", "WebNexus-UwUKitten\WebNexus-UwUKitten.csproj", "{AB3B5105-7F4D-4AF4-8AC4-E47864A575BD}"
EndProject
Global
	GlobalSection(SolutionConfigurationPlatforms) = preSolution
		Debug|Any CPU = Debug|Any CPU
		Release|Any CPU = Release|Any CPU
	EndGlobalSection
	GlobalSection(ProjectConfigurationPlatforms) = postSolution
		{AB3B5105-7F4D-4AF4-8AC4-E47864A575BD}.Debug|Any CPU.ActiveCfg = Debug|Any CPU
		{AB3B5105-7F4D-4AF4-8AC4-E47864A575BD}.Debug|Any CPU.Build.0 = Debug|Any CPU
		{AB3B5105-7F4D-4AF4-8AC4-E47864A575BD}.Release|Any CPU.ActiveCfg = Release|Any CPU
		{AB3B5105-7F4D-4AF4-8AC4-E47864A575BD}.Release|Any CPU.Build.0 = Release|Any CPU
	EndGlobalSection
	GlobalSection(SolutionProperties) = preSolution
		HideSolutionNode = FALSE
	EndGlobalSection
	GlobalSection(ExtensibilityGlobals) = postSolution
		SolutionGuid = {8AE6A49B-66FF-4906-BF03-C56DEDC26CC5}
	EndGlobalSection
EndGlobal
